
Microsoft Visual Studio Solution File, Format Version 12.00
# Visual Studio Version 17
VisualStudioVersion = 17.10.35004.147
MinimumVisualStudioVersion = 10.0.40219.1
Project("{FAE04EC0-301F-11D3-BF4B-00C04F79EFBC}") = "signalRTest", "signalRTest\signalRTest.csproj", "{1441A5DB-3985-45BB-AB1A-8F5527B7075A}"
EndProject
Project("{FAE04EC0-301F-11D3-BF4B-00C04F79EFBC}") = "SignalRUsingController", "SignalRUsingController\SignalRUsingController.csproj", "{D6175A1E-D654-4BA0-86E5-A7B366892C85}"
EndProject
Global
	GlobalSection(SolutionConfigurationPlatforms) = preSolution
		Debug|Any CPU = Debug|Any CPU
		Release|Any CPU = Release|Any CPU
	EndGlobalSection
	GlobalSection(ProjectConfigurationPlatforms) = postSolution
		{1441A5DB-3985-45BB-AB1A-8F5527B7075A}.Debug|Any CPU.ActiveCfg = Debug|Any CPU
		{1441A5DB-3985-45BB-AB1A-8F5527B7075A}.Debug|Any CPU.Build.0 = Debug|Any CPU
		{1441A5DB-3985-45BB-AB1A-8F5527B7075A}.Release|Any CPU.ActiveCfg = Release|Any CPU
		{1441A5DB-3985-45BB-AB1A-8F5527B7075A}.Release|Any CPU.Build.0 = Release|Any CPU
		{D6175A1E-D654-4BA0-86E5-A7B366892C85}.Debug|Any CPU.ActiveCfg = Debug|Any CPU
		{D6175A1E-D654-4BA0-86E5-A7B366892C85}.Debug|Any CPU.Build.0 = Debug|Any CPU
		{D6175A1E-D654-4BA0-86E5-A7B366892C85}.Release|Any CPU.ActiveCfg = Release|Any CPU
		{D6175A1E-D654-4BA0-86E5-A7B366892C85}.Release|Any CPU.Build.0 = Release|Any CPU
	EndGlobalSection
	GlobalSection(SolutionProperties) = preSolution
		HideSolutionNode = FALSE
	EndGlobalSection
	GlobalSection(ExtensibilityGlobals) = postSolution
		SolutionGuid = {8EACA9DA-675E-4396-A533-1AF619F740B4}
	EndGlobalSection
EndGlobal
